
Microsoft Visual Studio Solution File, Format Version 12.00
# Visual Studio Version 17
VisualStudioVersion = 17.10.34916.146
MinimumVisualStudioVersion = 10.0.40219.1
Project("{FAE04EC0-301F-11D3-BF4B-00C04F79EFBC}") = "UserProvider", "UserProvider\UserProvider.csproj", "{8F561DA7-8654-4237-A983-8B225EB4433B}"
EndProject
Project("{FAE04EC0-301F-11D3-BF4B-00C04F79EFBC}") = "Data", "Data\Data.csproj", "{A71A66CA-CC19-4FBF-AFE5-21F1F474C362}"
EndProject
Global
	GlobalSection(SolutionConfigurationPlatforms) = preSolution
		Debug|Any CPU = Debug|Any CPU
		Release|Any CPU = Release|Any CPU
	EndGlobalSection
	GlobalSection(ProjectConfigurationPlatforms) = postSolution
		{8F561DA7-8654-4237-A983-8B225EB4433B}.Debug|Any CPU.ActiveCfg = Debug|Any CPU
		{8F561DA7-8654-4237-A983-8B225EB4433B}.Debug|Any CPU.Build.0 = Debug|Any CPU
		{8F561DA7-8654-4237-A983-8B225EB4433B}.Release|Any CPU.ActiveCfg = Release|Any CPU
		{8F561DA7-8654-4237-A983-8B225EB4433B}.Release|Any CPU.Build.0 = Release|Any CPU
		{A71A66CA-CC19-4FBF-AFE5-21F1F474C362}.Debug|Any CPU.ActiveCfg = Debug|Any CPU
		{A71A66CA-CC19-4FBF-AFE5-21F1F474C362}.Debug|Any CPU.Build.0 = Debug|Any CPU
		{A71A66CA-CC19-4FBF-AFE5-21F1F474C362}.Release|Any CPU.ActiveCfg = Release|Any CPU
		{A71A66CA-CC19-4FBF-AFE5-21F1F474C362}.Release|Any CPU.Build.0 = Release|Any CPU
	EndGlobalSection
	GlobalSection(SolutionProperties) = preSolution
		HideSolutionNode = FALSE
	EndGlobalSection
	GlobalSection(ExtensibilityGlobals) = postSolution
		SolutionGuid = {7B880D86-DACC-4C05-B43F-15769884E4D5}
	EndGlobalSection
EndGlobal
